
Microsoft Visual Studio Solution File, Format Version 12.00
# Visual Studio Version 17
VisualStudioVersion = 17.11.35303.130
MinimumVisualStudioVersion = 10.0.40219.1
Project("{2150E333-8FDC-42A3-9474-1A3956D46DE8}") = "Task0", "Task0", "{393E5198-5D58-40D6-BFCA-9A479A348580}"
EndProject
Project("{9A19103F-16F7-4668-BE54-9A1E7A4F7556}") = "Tyuiu.BerestenDS.Sprint1.Task0.V5", "Tyuiu.BerestenDS.Sprint1.Task0.V5\Tyuiu.BerestenDS.Sprint1.Task0.V5.csproj", "{D9700F44-B9C1-4528-BA4A-AAEFC6DA3443}"
EndProject
Project("{9A19103F-16F7-4668-BE54-9A1E7A4F7556}") = "Tyuiu.BerestenDS.Sprint1.Task0.V5.Lib", "Tyuiu.BerestenDS.Sprint1.Task0.V5.Lib\Tyuiu.BerestenDS.Sprint1.Task0.V5.Lib.csproj", "{691BB78D-0484-4B29-81E0-D367CFF210FB}"
EndProject
Project("{9A19103F-16F7-4668-BE54-9A1E7A4F7556}") = "Tyuiu.BerestenDS.Sprint1.Task0.V5.Test", "Tyuiu.BerestenDS.Sprint1.Task0.V5.Test\Tyuiu.BerestenDS.Sprint1.Task0.V5.Test.csproj", "{0757A2FB-1C93-4874-962F-C2430E1238DD}"
EndProject
Project("{2150E333-8FDC-42A3-9474-1A3956D46DE8}") = "Task1", "Task1", "{3147917E-1F87-41E6-88B8-92C665BFDD2D}"
EndProject
Project("{9A19103F-16F7-4668-BE54-9A1E7A4F7556}") = "Tyuiu.BerestenDS.Sprint1.Task1.V24", "Tyuiu.BerestenDS.Sprint1.Task1.V24\Tyuiu.BerestenDS.Sprint1.Task1.V24.csproj", "{67210A43-A66D-4ED8-84A4-C108CB26B266}"
EndProject
Project("{9A19103F-16F7-4668-BE54-9A1E7A4F7556}") = "Tyuiu.BerestenDS.Sprint1.Task1.V24.Lib", "Tyuiu.BerestenDS.Sprint1.Task1.V24.Lib\Tyuiu.BerestenDS.Sprint1.Task1.V24.Lib.csproj", "{771320D0-EB18-4EBC-BDED-7BECE491F929}"
EndProject
Project("{9A19103F-16F7-4668-BE54-9A1E7A4F7556}") = "Tyuiu.BerestenDS.Sprint1.Task1.V24.Test", "Tyuiu.BerestenDS.Sprint1.Task1.V24.Test\Tyuiu.BerestenDS.Sprint1.Task1.V24.Test.csproj", "{C5F0C471-C9A9-4A16-980E-E96ADC4A8B4C}"
EndProject
Project("{2150E333-8FDC-42A3-9474-1A3956D46DE8}") = "Task2", "Task2", "{CE8AD6ED-7148-459B-BC1C-5417A7827CD5}"
EndProject
Project("{9A19103F-16F7-4668-BE54-9A1E7A4F7556}") = "Tyuiu.BerestenDS.Sprint1.Task2.V5", "Tyuiu.BerestenDS.Sprint1.Task2.V5\Tyuiu.BerestenDS.Sprint1.Task2.V5.csproj", "{572B20EF-2E83-42FC-BC32-E1DEA8E367B3}"
EndProject
Project("{9A19103F-16F7-4668-BE54-9A1E7A4F7556}") = "Tyuiu.BerestenDS.Sprint1.Task2.V5.Lib", "Tyuiu.BerestenDS.Sprint1.Task2.V5.Lib\Tyuiu.BerestenDS.Sprint1.Task2.V5.Lib.csproj", "{E08F29F0-81B5-4699-BB3A-701D21ECE59F}"
EndProject
Project("{9A19103F-16F7-4668-BE54-9A1E7A4F7556}") = "Tyuiu.BerestenDS.Sprint1.Task2.V5.Test", "Tyuiu.BerestenDS.Sprint1.Task2.V5.Test\Tyuiu.BerestenDS.Sprint1.Task2.V5.Test.csproj", "{2AF9F8A1-DDE7-4546-8C52-A3B559103D1A}"
EndProject
Project("{2150E333-8FDC-42A3-9474-1A3956D46DE8}") = "Task3", "Task3", "{2E6AA7DB-BF10-430B-A578-6DED7732DBFA}"
EndProject
Project("{9A19103F-16F7-4668-BE54-9A1E7A4F7556}") = "Tyuiu.BerestenDS.Sprint1.Task3.V9", "Tyuiu.BerestenDS.Sprint1.Task3.V9\Tyuiu.BerestenDS.Sprint1.Task3.V9.csproj", "{694550C7-38CA-4342-B4A2-635C3BBCB2B9}"
EndProject
Project("{9A19103F-16F7-4668-BE54-9A1E7A4F7556}") = "Tyuiu.BerestenDS.Sprint1.Task3.V9.Lib", "Tyuiu.BerestenDS.Sprint1.Task3.V9.Lib\Tyuiu.BerestenDS.Sprint1.Task3.V9.Lib.csproj", "{9884F468-6CA0-4B66-83DE-324BEA931867}"
EndProject
Project("{9A19103F-16F7-4668-BE54-9A1E7A4F7556}") = "Tyuiu.BerestenDS.Sprint1.Task3.V9.Test", "Tyuiu.BerestenDS.Sprint1.Task3.V9.Test\Tyuiu.BerestenDS.Sprint1.Task3.V9.Test.csproj", "{38FEC50D-6FDF-4116-8A87-A86535BBB61A}"
EndProject
Project("{2150E333-8FDC-42A3-9474-1A3956D46DE8}") = "Task4", "Task4", "{C8CA597B-036B-4393-909B-4B6D6A8847B1}"
EndProject
Project("{9A19103F-16F7-4668-BE54-9A1E7A4F7556}") = "Tyuiu.BerestenDS.Sprint1.Task4.V4", "Tyuiu.BerestenDS.Sprint1.Task4.V4\Tyuiu.BerestenDS.Sprint1.Task4.V4.csproj", "{3801B6EA-B109-4B04-9D60-E58278143A93}"
EndProject
Project("{9A19103F-16F7-4668-BE54-9A1E7A4F7556}") = "Tyuiu.BerestenDS.Sprint1.Task4.V4.Lib", "Tyuiu.BerestenDS.Sprint1.Task4.V4.Lib\Tyuiu.BerestenDS.Sprint1.Task4.V4.Lib.csproj", "{1FD6E095-67C0-42D5-960F-2EF65198ADF6}"
EndProject
Project("{9A19103F-16F7-4668-BE54-9A1E7A4F7556}") = "Tyuiu.BerestenDS.Sprint1.Task4.V4.Test", "Tyuiu.BerestenDS.Sprint1.Task4.V4.Test\Tyuiu.BerestenDS.Sprint1.Task4.V4.Test.csproj", "{853BD655-970F-4602-81B4-4E9012EAE32D}"
EndProject
Project("{2150E333-8FDC-42A3-9474-1A3956D46DE8}") = "Task5", "Task5", "{90C868B4-731D-4D20-AF91-29CA6513774A}"
EndProject
Project("{9A19103F-16F7-4668-BE54-9A1E7A4F7556}") = "Tyuiu.BerestenDS.Sprint1.Task5.V2", "Tyuiu.BerestenDS.Sprint1.Task5.V2\Tyuiu.BerestenDS.Sprint1.Task5.V2.csproj", "{5E95486F-9FA7-497D-863E-C1152709563A}"
EndProject
Project("{9A19103F-16F7-4668-BE54-9A1E7A4F7556}") = "Tyuiu.BerestenDS.Sprint1.Task5.V2.Lib", "Tyuiu.BerestenDS.Sprint1.Task5.V2.Lib\Tyuiu.BerestenDS.Sprint1.Task5.V2.Lib.csproj", "{AE38AB55-318C-4606-91A7-D673BB6CA807}"
EndProject
Project("{9A19103F-16F7-4668-BE54-9A1E7A4F7556}") = "Tyuiu.BerestenDS.Sprint1.Task5.V2.Test", "Tyuiu.BerestenDS.Sprint1.Task5.V2.Test\Tyuiu.BerestenDS.Sprint1.Task5.V2.Test.csproj", "{670D764D-08DD-4113-908C-D99C07B5EF5F}"
EndProject
Project("{2150E333-8FDC-42A3-9474-1A3956D46DE8}") = "Task6", "Task6", "{09F07D84-EDD0-4F34-952F-5C5A7442440A}"
EndProject
Project("{FAE04EC0-301F-11D3-BF4B-00C04F79EFBC}") = "Tyuiu.BerestenDS.Sprint1.Task6.V17", "Tyuiu.BerestenDS.Sprint1.Task6.V17\Tyuiu.BerestenDS.Sprint1.Task6.V17.csproj", "{9553D5C7-9E14-4664-81EC-2FAA33CBA8F6}"
EndProject
Project("{FAE04EC0-301F-11D3-BF4B-00C04F79EFBC}") = "Tyuiu.BerestenDS.Sprint1.Task6.V17.Lib", "Tyuiu.BerestenDS.Sprint1.Task6.V17.Lib\Tyuiu.BerestenDS.Sprint1.Task6.V17.Lib.csproj", "{A73CF7D6-4FB1-4A40-9884-3834DE218D9A}"
EndProject
Project("{FAE04EC0-301F-11D3-BF4B-00C04F79EFBC}") = "Tyuiu.BerestenDS.Sprint1.Task6.V17.Test", "Tyuiu.BerestenDS.Sprint1.Task6.V17.Test\Tyuiu.BerestenDS.Sprint1.Task6.V17.Test.csproj", "{033AFB04-62B0-42A5-9F87-C5810E04A117}"
EndProject
Global
	GlobalSection(SolutionConfigurationPlatforms) = preSolution
		Debug|Any CPU = Debug|Any CPU
		Release|Any CPU = Release|Any CPU
	EndGlobalSection
	GlobalSection(ProjectConfigurationPlatforms) = postSolution
		{D9700F44-B9C1-4528-BA4A-AAEFC6DA3443}.Debug|Any CPU.ActiveCfg = Debug|Any CPU
		{D9700F44-B9C1-4528-BA4A-AAEFC6DA3443}.Debug|Any CPU.Build.0 = Debug|Any CPU
		{D9700F44-B9C1-4528-BA4A-AAEFC6DA3443}.Release|Any CPU.ActiveCfg = Release|Any CPU
		{D9700F44-B9C1-4528-BA4A-AAEFC6DA3443}.Release|Any CPU.Build.0 = Release|Any CPU
		{691BB78D-0484-4B29-81E0-D367CFF210FB}.Debug|Any CPU.ActiveCfg = Debug|Any CPU
		{691BB78D-0484-4B29-81E0-D367CFF210FB}.Debug|Any CPU.Build.0 = Debug|Any CPU
		{691BB78D-0484-4B29-81E0-D367CFF210FB}.Release|Any CPU.ActiveCfg = Release|Any CPU
		{691BB78D-0484-4B29-81E0-D367CFF210FB}.Release|Any CPU.Build.0 = Release|Any CPU
		{0757A2FB-1C93-4874-962F-C2430E1238DD}.Debug|Any CPU.ActiveCfg = Debug|Any CPU
		{0757A2FB-1C93-4874-962F-C2430E1238DD}.Debug|Any CPU.Build.0 = Debug|Any CPU
		{0757A2FB-1C93-4874-962F-C2430E1238DD}.Release|Any CPU.ActiveCfg = Release|Any CPU
		{0757A2FB-1C93-4874-962F-C2430E1238DD}.Release|Any CPU.Build.0 = Release|Any CPU
		{67210A43-A66D-4ED8-84A4-C108CB26B266}.Debug|Any CPU.ActiveCfg = Debug|Any CPU
		{67210A43-A66D-4ED8-84A4-C108CB26B266}.Debug|Any CPU.Build.0 = Debug|Any CPU
		{67210A43-A66D-4ED8-84A4-C108CB26B266}.Release|Any CPU.ActiveCfg = Release|Any CPU
		{67210A43-A66D-4ED8-84A4-C108CB26B266}.Release|Any CPU.Build.0 = Release|Any CPU
		{771320D0-EB18-4EBC-BDED-7BECE491F929}.Debug|Any CPU.ActiveCfg = Debug|Any CPU
		{771320D0-EB18-4EBC-BDED-7BECE491F929}.Debug|Any CPU.Build.0 = Debug|Any CPU
		{771320D0-EB18-4EBC-BDED-7BECE491F929}.Release|Any CPU.ActiveCfg = Release|Any CPU
		{771320D0-EB18-4EBC-BDED-7BECE491F929}.Release|Any CPU.Build.0 = Release|Any CPU
		{C5F0C471-C9A9-4A16-980E-E96ADC4A8B4C}.Debug|Any CPU.ActiveCfg = Debug|Any CPU
		{C5F0C471-C9A9-4A16-980E-E96ADC4A8B4C}.Debug|Any CPU.Build.0 = Debug|Any CPU
		{C5F0C471-C9A9-4A16-980E-E96ADC4A8B4C}.Release|Any CPU.ActiveCfg = Release|Any CPU
		{C5F0C471-C9A9-4A16-980E-E96ADC4A8B4C}.Release|Any CPU.Build.0 = Release|Any CPU
		{572B20EF-2E83-42FC-BC32-E1DEA8E367B3}.Debug|Any CPU.ActiveCfg = Debug|Any CPU
		{572B20EF-2E83-42FC-BC32-E1DEA8E367B3}.Debug|Any CPU.Build.0 = Debug|Any CPU
		{572B20EF-2E83-42FC-BC32-E1DEA8E367B3}.Release|Any CPU.ActiveCfg = Release|Any CPU
		{572B20EF-2E83-42FC-BC32-E1DEA8E367B3}.Release|Any CPU.Build.0 = Release|Any CPU
		{E08F29F0-81B5-4699-BB3A-701D21ECE59F}.Debug|Any CPU.ActiveCfg = Debug|Any CPU
		{E08F29F0-81B5-4699-BB3A-701D21ECE59F}.Debug|Any CPU.Build.0 = Debug|Any CPU
		{E08F29F0-81B5-4699-BB3A-701D21ECE59F}.Release|Any CPU.ActiveCfg = Release|Any CPU
		{E08F29F0-81B5-4699-BB3A-701D21ECE59F}.Release|Any CPU.Build.0 = Release|Any CPU
		{2AF9F8A1-DDE7-4546-8C52-A3B559103D1A}.Debug|Any CPU.ActiveCfg = Debug|Any CPU
		{2AF9F8A1-DDE7-4546-8C52-A3B559103D1A}.Debug|Any CPU.Build.0 = Debug|Any CPU
		{2AF9F8A1-DDE7-4546-8C52-A3B559103D1A}.Release|Any CPU.ActiveCfg = Release|Any CPU
		{2AF9F8A1-DDE7-4546-8C52-A3B559103D1A}.Release|Any CPU.Build.0 = Release|Any CPU
		{694550C7-38CA-4342-B4A2-635C3BBCB2B9}.Debug|Any CPU.ActiveCfg = Debug|Any CPU
		{694550C7-38CA-4342-B4A2-635C3BBCB2B9}.Debug|Any CPU.Build.0 = Debug|Any CPU
		{694550C7-38CA-4342-B4A2-635C3BBCB2B9}.Release|Any CPU.ActiveCfg = Release|Any CPU
		{694550C7-38CA-4342-B4A2-635C3BBCB2B9}.Release|Any CPU.Build.0 = Release|Any CPU
		{9884F468-6CA0-4B66-83DE-324BEA931867}.Debug|Any CPU.ActiveCfg = Debug|Any CPU
		{9884F468-6CA0-4B66-83DE-324BEA931867}.Debug|Any CPU.Build.0 = Debug|Any CPU
		{9884F468-6CA0-4B66-83DE-324BEA931867}.Release|Any CPU.ActiveCfg = Release|Any CPU
		{9884F468-6CA0-4B66-83DE-324BEA931867}.Release|Any CPU.Build.0 = Release|Any CPU
		{38FEC50D-6FDF-4116-8A87-A86535BBB61A}.Debug|Any CPU.ActiveCfg = Debug|Any CPU
		{38FEC50D-6FDF-4116-8A87-A86535BBB61A}.Debug|Any CPU.Build.0 = Debug|Any CPU
		{38FEC50D-6FDF-4116-8A87-A86535BBB61A}.Release|Any CPU.ActiveCfg = Release|Any CPU
		{38FEC50D-6FDF-4116-8A87-A86535BBB61A}.Release|Any CPU.Build.0 = Release|Any CPU
		{3801B6EA-B109-4B04-9D60-E58278143A93}.Debug|Any CPU.ActiveCfg = Debug|Any CPU
		{3801B6EA-B109-4B04-9D60-E58278143A93}.Debug|Any CPU.Build.0 = Debug|Any CPU
		{3801B6EA-B109-4B04-9D60-E58278143A93}.Release|Any CPU.ActiveCfg = Release|Any CPU
		{3801B6EA-B109-4B04-9D60-E58278143A93}.Release|Any CPU.Build.0 = Release|Any CPU
		{1FD6E095-67C0-42D5-960F-2EF65198ADF6}.Debug|Any CPU.ActiveCfg = Debug|Any CPU
		{1FD6E095-67C0-42D5-960F-2EF65198ADF6}.Debug|Any CPU.Build.0 = Debug|Any CPU
		{1FD6E095-67C0-42D5-960F-2EF65198ADF6}.Release|Any CPU.ActiveCfg = Release|Any CPU
		{1FD6E095-67C0-42D5-960F-2EF65198ADF6}.Release|Any CPU.Build.0 = Release|Any CPU
		{853BD655-970F-4602-81B4-4E9012EAE32D}.Debug|Any CPU.ActiveCfg = Debug|Any CPU
		{853BD655-970F-4602-81B4-4E9012EAE32D}.Debug|Any CPU.Build.0 = Debug|Any CPU
		{853BD655-970F-4602-81B4-4E9012EAE32D}.Release|Any CPU.ActiveCfg = Release|Any CPU
		{853BD655-970F-4602-81B4-4E9012EAE32D}.Release|Any CPU.Build.0 = Release|Any CPU
		{5E95486F-9FA7-497D-863E-C1152709563A}.Debug|Any CPU.ActiveCfg = Debug|Any CPU
		{5E95486F-9FA7-497D-863E-C1152709563A}.Debug|Any CPU.Build.0 = Debug|Any CPU
		{5E95486F-9FA7-497D-863E-C1152709563A}.Release|Any CPU.ActiveCfg = Release|Any CPU
		{5E95486F-9FA7-497D-863E-C1152709563A}.Release|Any CPU.Build.0 = Release|Any CPU
		{AE38AB55-318C-4606-91A7-D673BB6CA807}.Debug|Any CPU.ActiveCfg = Debug|Any CPU
		{AE38AB55-318C-4606-91A7-D673BB6CA807}.Debug|Any CPU.Build.0 = Debug|Any CPU
		{AE38AB55-318C-4606-91A7-D673BB6CA807}.Release|Any CPU.ActiveCfg = Release|Any CPU
		{AE38AB55-318C-4606-91A7-D673BB6CA807}.Release|Any CPU.Build.0 = Release|Any CPU
		{670D764D-08DD-4113-908C-D99C07B5EF5F}.Debug|Any CPU.ActiveCfg = Debug|Any CPU
		{670D764D-08DD-4113-908C-D99C07B5EF5F}.Debug|Any CPU.Build.0 = Debug|Any CPU
		{670D764D-08DD-4113-908C-D99C07B5EF5F}.Release|Any CPU.ActiveCfg = Release|Any CPU
		{670D764D-08DD-4113-908C-D99C07B5EF5F}.Release|Any CPU.Build.0 = Release|Any CPU
		{9553D5C7-9E14-4664-81EC-2FAA33CBA8F6}.Debug|Any CPU.ActiveCfg = Debug|Any CPU
		{9553D5C7-9E14-4664-81EC-2FAA33CBA8F6}.Debug|Any CPU.Build.0 = Debug|Any CPU
		{9553D5C7-9E14-4664-81EC-2FAA33CBA8F6}.Release|Any CPU.ActiveCfg = Release|Any CPU
		{9553D5C7-9E14-4664-81EC-2FAA33CBA8F6}.Release|Any CPU.Build.0 = Release|Any CPU
		{A73CF7D6-4FB1-4A40-9884-3834DE218D9A}.Debug|Any CPU.ActiveCfg = Debug|Any CPU
		{A73CF7D6-4FB1-4A40-9884-3834DE218D9A}.Debug|Any CPU.Build.0 = Debug|Any CPU
		{A73CF7D6-4FB1-4A40-9884-3834DE218D9A}.Release|Any CPU.ActiveCfg = Release|Any CPU
		{A73CF7D6-4FB1-4A40-9884-3834DE218D9A}.Release|Any CPU.Build.0 = Release|Any CPU
		{033AFB04-62B0-42A5-9F87-C5810E04A117}.Debug|Any CPU.ActiveCfg = Debug|Any CPU
		{033AFB04-62B0-42A5-9F87-C5810E04A117}.Debug|Any CPU.Build.0 = Debug|Any CPU
		{033AFB04-62B0-42A5-9F87-C5810E04A117}.Release|Any CPU.ActiveCfg = Release|Any CPU
		{033AFB04-62B0-42A5-9F87-C5810E04A117}.Release|Any CPU.Build.0 = Release|Any CPU
	EndGlobalSection
	GlobalSection(SolutionProperties) = preSolution
		HideSolutionNode = FALSE
	EndGlobalSection
	GlobalSection(NestedProjects) = preSolution
		{D9700F44-B9C1-4528-BA4A-AAEFC6DA3443} = {393E5198-5D58-40D6-BFCA-9A479A348580}
		{691BB78D-0484-4B29-81E0-D367CFF210FB} = {393E5198-5D58-40D6-BFCA-9A479A348580}
		{0757A2FB-1C93-4874-962F-C2430E1238DD} = {393E5198-5D58-40D6-BFCA-9A479A348580}
		{67210A43-A66D-4ED8-84A4-C108CB26B266} = {3147917E-1F87-41E6-88B8-92C665BFDD2D}
		{771320D0-EB18-4EBC-BDED-7BECE491F929} = {3147917E-1F87-41E6-88B8-92C665BFDD2D}
		{C5F0C471-C9A9-4A16-980E-E96ADC4A8B4C} = {3147917E-1F87-41E6-88B8-92C665BFDD2D}
		{572B20EF-2E83-42FC-BC32-E1DEA8E367B3} = {CE8AD6ED-7148-459B-BC1C-5417A7827CD5}
		{E08F29F0-81B5-4699-BB3A-701D21ECE59F} = {CE8AD6ED-7148-459B-BC1C-5417A7827CD5}
		{2AF9F8A1-DDE7-4546-8C52-A3B559103D1A} = {CE8AD6ED-7148-459B-BC1C-5417A7827CD5}
		{694550C7-38CA-4342-B4A2-635C3BBCB2B9} = {2E6AA7DB-BF10-430B-A578-6DED7732DBFA}
		{9884F468-6CA0-4B66-83DE-324BEA931867} = {2E6AA7DB-BF10-430B-A578-6DED7732DBFA}
		{38FEC50D-6FDF-4116-8A87-A86535BBB61A} = {2E6AA7DB-BF10-430B-A578-6DED7732DBFA}
		{3801B6EA-B109-4B04-9D60-E58278143A93} = {C8CA597B-036B-4393-909B-4B6D6A8847B1}
		{1FD6E095-67C0-42D5-960F-2EF65198ADF6} = {C8CA597B-036B-4393-909B-4B6D6A8847B1}
		{853BD655-970F-4602-81B4-4E9012EAE32D} = {C8CA597B-036B-4393-909B-4B6D6A8847B1}
		{5E95486F-9FA7-497D-863E-C1152709563A} = {90C868B4-731D-4D20-AF91-29CA6513774A}
		{AE38AB55-318C-4606-91A7-D673BB6CA807} = {90C868B4-731D-4D20-AF91-29CA6513774A}
		{670D764D-08DD-4113-908C-D99C07B5EF5F} = {90C868B4-731D-4D20-AF91-29CA6513774A}
		{9553D5C7-9E14-4664-81EC-2FAA33CBA8F6} = {09F07D84-EDD0-4F34-952F-5C5A7442440A}
		{A73CF7D6-4FB1-4A40-9884-3834DE218D9A} = {09F07D84-EDD0-4F34-952F-5C5A7442440A}
		{033AFB04-62B0-42A5-9F87-C5810E04A117} = {09F07D84-EDD0-4F34-952F-5C5A7442440A}
	EndGlobalSection
	GlobalSection(ExtensibilityGlobals) = postSolution
		SolutionGuid = {9AA545D1-A679-4BC1-A75D-E49211275015}
	EndGlobalSection
EndGlobal
